// !$*UTF8*$!
{
	archiveVersion = 1;
	classes = {
	};
	objectVersion = 50;
	objects = {

/* Begin PBXBuildFile section */
		BA1F9AE62473F41C00D55562 /* TeamTreeModel.swift in Sources */ = {isa = PBXBuildFile; fileRef = BA1F9AE32473F41C00D55562 /* TeamTreeModel.swift */; };
		BA1F9AE72473F41C00D55562 /* treeResponse.json in Resources */ = {isa = PBXBuildFile; fileRef = BA1F9AE42473F41C00D55562 /* treeResponse.json */; };
		BA1F9AE82473F41C00D55562 /* TeamFetcher.swift in Sources */ = {isa = PBXBuildFile; fileRef = BA1F9AE52473F41C00D55562 /* TeamFetcher.swift */; };
		E7FA327D2473EB0500DD0B14 /* AppDelegate.swift in Sources */ = {isa = PBXBuildFile; fileRef = E7FA327C2473EB0500DD0B14 /* AppDelegate.swift */; };
		E7FA327F2473EB0500DD0B14 /* SceneDelegate.swift in Sources */ = {isa = PBXBuildFile; fileRef = E7FA327E2473EB0500DD0B14 /* SceneDelegate.swift */; };
		E7FA32812473EB0500DD0B14 /* ContentView.swift in Sources */ = {isa = PBXBuildFile; fileRef = E7FA32802473EB0500DD0B14 /* ContentView.swift */; };
		E7FA32832473EB0900DD0B14 /* Assets.xcassets in Resources */ = {isa = PBXBuildFile; fileRef = E7FA32822473EB0900DD0B14 /* Assets.xcassets */; };
		E7FA32862473EB0900DD0B14 /* Preview Assets.xcassets in Resources */ = {isa = PBXBuildFile; fileRef = E7FA32852473EB0900DD0B14 /* Preview Assets.xcassets */; };
		E7FA32892473EB0900DD0B14 /* LaunchScreen.storyboard in Resources */ = {isa = PBXBuildFile; fileRef = E7FA32872473EB0900DD0B14 /* LaunchScreen.storyboard */; };
		E7FA32922473EBEF00DD0B14 /* CommonStructs.swift in Sources */ = {isa = PBXBuildFile; fileRef = E7FA32912473EBEF00DD0B14 /* CommonStructs.swift */; };
		E7FA32942473EC0000DD0B14 /* CommonExtensions.swift in Sources */ = {isa = PBXBuildFile; fileRef = E7FA32932473EC0000DD0B14 /* CommonExtensions.swift */; };
		E7FA32972473EC4C00DD0B14 /* TreeNodeView.swift in Sources */ = {isa = PBXBuildFile; fileRef = E7FA32962473EC4C00DD0B14 /* TreeNodeView.swift */; };
/* End PBXBuildFile section */

/* Begin PBXFileReference section */
		BA1F9AE32473F41C00D55562 /* TeamTreeModel.swift */ = {isa = PBXFileReference; fileEncoding = 4; lastKnownFileType = sourcecode.swift; path = TeamTreeModel.swift; sourceTree = "<group>"; };
		BA1F9AE42473F41C00D55562 /* treeResponse.json */ = {isa = PBXFileReference; fileEncoding = 4; lastKnownFileType = text.json; path = treeResponse.json; sourceTree = "<group>"; };
		BA1F9AE52473F41C00D55562 /* TeamFetcher.swift */ = {isa = PBXFileReference; fileEncoding = 4; lastKnownFileType = sourcecode.swift; path = TeamFetcher.swift; sourceTree = "<group>"; };
		E7FA32792473EB0500DD0B14 /* Tree.app */ = {isa = PBXFileReference; explicitFileType = wrapper.application; includeInIndex = 0; path = Tree.app; sourceTree = BUILT_PRODUCTS_DIR; };
		E7FA327C2473EB0500DD0B14 /* AppDelegate.swift */ = {isa = PBXFileReference; lastKnownFileType = sourcecode.swift; path = AppDelegate.swift; sourceTree = "<group>"; };
		E7FA327E2473EB0500DD0B14 /* SceneDelegate.swift */ = {isa = PBXFileReference; lastKnownFileType = sourcecode.swift; path = SceneDelegate.swift; sourceTree = "<group>"; };
		E7FA32802473EB0500DD0B14 /* ContentView.swift */ = {isa = PBXFileReference; lastKnownFileType = sourcecode.swift; path = ContentView.swift; sourceTree = "<group>"; };
		E7FA32822473EB0900DD0B14 /* Assets.xcassets */ = {isa = PBXFileReference; lastKnownFileType = folder.assetcatalog; path = Assets.xcassets; sourceTree = "<group>"; };
		E7FA32852473EB0900DD0B14 /* Preview Assets.xcassets */ = {isa = PBXFileReference; lastKnownFileType = folder.assetcatalog; path = "Preview Assets.xcassets"; sourceTree = "<group>"; };
		E7FA32882473EB0900DD0B14 /* Base */ = {isa = PBXFileReference; lastKnownFileType = file.storyboard; name = Base; path = Base.lproj/LaunchScreen.storyboard; sourceTree = "<group>"; };
		E7FA328A2473EB0900DD0B14 /* Info.plist */ = {isa = PBXFileReference; lastKnownFileType = text.plist.xml; path = Info.plist; sourceTree = "<group>"; };
		E7FA32912473EBEF00DD0B14 /* CommonStructs.swift */ = {isa = PBXFileReference; lastKnownFileType = sourcecode.swift; path = CommonStructs.swift; sourceTree = "<group>"; };
		E7FA32932473EC0000DD0B14 /* CommonExtensions.swift */ = {isa = PBXFileReference; lastKnownFileType = sourcecode.swift; path = CommonExtensions.swift; sourceTree = "<group>"; };
		E7FA32962473EC4C00DD0B14 /* TreeNodeView.swift */ = {isa = PBXFileReference; lastKnownFileType = sourcecode.swift; path = TreeNodeView.swift; sourceTree = "<group>"; };
/* End PBXFileReference section */

/* Begin PBXFrameworksBuildPhase section */
		E7FA32762473EB0500DD0B14 /* Frameworks */ = {
			isa = PBXFrameworksBuildPhase;
			buildActionMask = 2147483647;
			files = (
			);
			runOnlyForDeploymentPostprocessing = 0;
		};
/* End PBXFrameworksBuildPhase section */

/* Begin PBXGroup section */
		E7FA32702473EB0500DD0B14 = {
			isa = PBXGroup;
			children = (
				E7FA327B2473EB0500DD0B14 /* Tree */,
				E7FA327A2473EB0500DD0B14 /* Products */,
			);
			sourceTree = "<group>";
		};
		E7FA327A2473EB0500DD0B14 /* Products */ = {
			isa = PBXGroup;
			children = (
				E7FA32792473EB0500DD0B14 /* Tree.app */,
			);
			name = Products;
			sourceTree = "<group>";
		};
		E7FA327B2473EB0500DD0B14 /* Tree */ = {
			isa = PBXGroup;
			children = (
				E7FA327C2473EB0500DD0B14 /* AppDelegate.swift */,
				E7FA327E2473EB0500DD0B14 /* SceneDelegate.swift */,
				E7FA32802473EB0500DD0B14 /* ContentView.swift */,
				BA1F9AE52473F41C00D55562 /* TeamFetcher.swift */,
				BA1F9AE32473F41C00D55562 /* TeamTreeModel.swift */,
				BA1F9AE42473F41C00D55562 /* treeResponse.json */,
				E7FA32952473EC2000DD0B14 /* CustomViews */,
				E7FA32902473EB7100DD0B14 /* Common */,
				E7FA32822473EB0900DD0B14 /* Assets.xcassets */,
				E7FA32872473EB0900DD0B14 /* LaunchScreen.storyboard */,
				E7FA328A2473EB0900DD0B14 /* Info.plist */,
				E7FA32842473EB0900DD0B14 /* Preview Content */,
			);
			path = Tree;
			sourceTree = "<group>";
		};
		E7FA32842473EB0900DD0B14 /* Preview Content */ = {
			isa = PBXGroup;
			children = (
				E7FA32852473EB0900DD0B14 /* Preview Assets.xcassets */,
			);
			path = "Preview Content";
			sourceTree = "<group>";
		};
		E7FA32902473EB7100DD0B14 /* Common */ = {
			isa = PBXGroup;
			children = (
				E7FA32912473EBEF00DD0B14 /* CommonStructs.swift */,
				E7FA32932473EC0000DD0B14 /* CommonExtensions.swift */,
			);
			path = Common;
			sourceTree = "<group>";
		};
		E7FA32952473EC2000DD0B14 /* CustomViews */ = {
			isa = PBXGroup;
			children = (
				E7FA32962473EC4C00DD0B14 /* TreeNodeView.swift */,
			);
			path = CustomViews;
			sourceTree = "<group>";
		};
/* End PBXGroup section */

/* Begin PBXNativeTarget section */
		E7FA32782473EB0500DD0B14 /* Tree */ = {
			isa = PBXNativeTarget;
			buildConfigurationList = E7FA328D2473EB0900DD0B14 /* Build configuration list for PBXNativeTarget "Tree" */;
			buildPhases = (
				E7FA32752473EB0500DD0B14 /* Sources */,
				E7FA32762473EB0500DD0B14 /* Frameworks */,
				E7FA32772473EB0500DD0B14 /* Resources */,
			);
			buildRules = (
			);
			dependencies = (
			);
			name = Tree;
			productName = Tree;
			productReference = E7FA32792473EB0500DD0B14 /* Tree.app */;
			productType = "com.apple.product-type.application";
		};
/* End PBXNativeTarget section */

/* Begin PBXProject section */
		E7FA32712473EB0500DD0B14 /* Project object */ = {
			isa = PBXProject;
			attributes = {
				LastSwiftUpdateCheck = 1140;
				LastUpgradeCheck = 1140;
				ORGANIZATIONNAME = Kiprosh;
				TargetAttributes = {
					E7FA32782473EB0500DD0B14 = {
						CreatedOnToolsVersion = 11.4.1;
					};
				};
			};
			buildConfigurationList = E7FA32742473EB0500DD0B14 /* Build configuration list for PBXProject "Tree" */;
			compatibilityVersion = "Xcode 9.3";
			developmentRegion = en;
			hasScannedForEncodings = 0;
			knownRegions = (
				en,
				Base,
			);
			mainGroup = E7FA32702473EB0500DD0B14;
			productRefGroup = E7FA327A2473EB0500DD0B14 /* Products */;
			projectDirPath = "";
			projectRoot = "";
			targets = (
				E7FA32782473EB0500DD0B14 /* Tree */,
			);
		};
/* End PBXProject section */

/* Begin PBXResourcesBuildPhase section */
		E7FA32772473EB0500DD0B14 /* Resources */ = {
			isa = PBXResourcesBuildPhase;
			buildActionMask = 2147483647;
			files = (
				BA1F9AE72473F41C00D55562 /* treeResponse.json in Resources */,
				E7FA32892473EB0900DD0B14 /* LaunchScreen.storyboard in Resources */,
				E7FA32862473EB0900DD0B14 /* Preview Assets.xcassets in Resources */,
				E7FA32832473EB0900DD0B14 /* Assets.xcassets in Resources */,
			);
			runOnlyForDeploymentPostprocessing = 0;
		};
/* End PBXResourcesBuildPhase section */

/* Begin PBXSourcesBuildPhase section */
		E7FA32752473EB0500DD0B14 /* Sources */ = {
			isa = PBXSourcesBuildPhase;
			buildActionMask = 2147483647;
			files = (
				E7FA32942473EC0000DD0B14 /* CommonExtensions.swift in Sources */,
				E7FA327D2473EB0500DD0B14 /* AppDelegate.swift in Sources */,
				BA1F9AE62473F41C00D55562 /* TeamTreeModel.swift in Sources */,
				E7FA32972473EC4C00DD0B14 /* TreeNodeView.swift in Sources */,
				BA1F9AE82473F41C00D55562 /* TeamFetcher.swift in Sources */,
				E7FA327F2473EB0500DD0B14 /* SceneDelegate.swift in Sources */,
				E7FA32812473EB0500DD0B14 /* ContentView.swift in Sources */,
				E7FA32922473EBEF00DD0B14 /* CommonStructs.swift in Sources */,
			);
			runOnlyForDeploymentPostprocessing = 0;
		};
/* End PBXSourcesBuildPhase section */

/* Begin PBXVariantGroup section */
		E7FA32872473EB0900DD0B14 /* LaunchScreen.storyboard */ = {
			isa = PBXVariantGroup;
			children = (
				E7FA32882473EB0900DD0B14 /* Base */,
			);
			name = LaunchScreen.storyboard;
			sourceTree = "<group>";
		};
/* End PBXVariantGroup section */

/* Begin XCBuildConfiguration section */
		E7FA328B2473EB0900DD0B14 /* Debug */ = {
			isa = XCBuildConfiguration;
			buildSettings = {
				ALWAYS_SEARCH_USER_PATHS = NO;
				CLANG_ANALYZER_NONNULL = YES;
				CLANG_ANALYZER_NUMBER_OBJECT_CONVERSION = YES_AGGRESSIVE;
				CLANG_CXX_LANGUAGE_STANDARD = "gnu++14";
				CLANG_CXX_LIBRARY = "libc++";
				CLANG_ENABLE_MODULES = YES;
				CLANG_ENABLE_OBJC_ARC = YES;
				CLANG_ENABLE_OBJC_WEAK = YES;
				CLANG_WARN_BLOCK_CAPTURE_AUTORELEASING = YES;
				CLANG_WARN_BOOL_CONVERSION = YES;
				CLANG_WARN_COMMA = YES;
				CLANG_WARN_CONSTANT_CONVERSION = YES;
				CLANG_WARN_DEPRECATED_OBJC_IMPLEMENTATIONS = YES;
				CLANG_WARN_DIRECT_OBJC_ISA_USAGE = YES_ERROR;
				CLANG_WARN_DOCUMENTATION_COMMENTS = YES;
				CLANG_WARN_EMPTY_BODY = YES;
				CLANG_WARN_ENUM_CONVERSION = YES;
				CLANG_WARN_INFINITE_RECURSION = YES;
				CLANG_WARN_INT_CONVERSION = YES;
				CLANG_WARN_NON_LITERAL_NULL_CONVERSION = YES;
				CLANG_WARN_OBJC_IMPLICIT_RETAIN_SELF = YES;
				CLANG_WARN_OBJC_LITERAL_CONVERSION = YES;
				CLANG_WARN_OBJC_ROOT_CLASS = YES_ERROR;
				CLANG_WARN_RANGE_LOOP_ANALYSIS = YES;
				CLANG_WARN_STRICT_PROTOTYPES = YES;
				CLANG_WARN_SUSPICIOUS_MOVE = YES;
				CLANG_WARN_UNGUARDED_AVAILABILITY = YES_AGGRESSIVE;
				CLANG_WARN_UNREACHABLE_CODE = YES;
				CLANG_WARN__DUPLICATE_METHOD_MATCH = YES;
				COPY_PHASE_STRIP = NO;
				DEBUG_INFORMATION_FORMAT = dwarf;
				ENABLE_STRICT_OBJC_MSGSEND = YES;
				ENABLE_TESTABILITY = YES;
				GCC_C_LANGUAGE_STANDARD = gnu11;
				GCC_DYNAMIC_NO_PIC = NO;
				GCC_NO_COMMON_BLOCKS = YES;
				GCC_OPTIMIZATION_LEVEL = 0;
				GCC_PREPROCESSOR_DEFINITIONS = (
					"DEBUG=1",
					"$(inherited)",
				);
				GCC_WARN_64_TO_32_BIT_CONVERSION = YES;
				GCC_WARN_ABOUT_RETURN_TYPE = YES_ERROR;
				GCC_WARN_UNDECLARED_SELECTOR = YES;
				GCC_WARN_UNINITIALIZED_AUTOS = YES_AGGRESSIVE;
				GCC_WARN_UNUSED_FUNCTION = YES;
				GCC_WARN_UNUSED_VARIABLE = YES;
				IPHONEOS_DEPLOYMENT_TARGET = 13.4;
				MTL_ENABLE_DEBUG_INFO = INCLUDE_SOURCE;
				MTL_FAST_MATH = YES;
				ONLY_ACTIVE_ARCH = YES;
				SDKROOT = iphoneos;
				SWIFT_ACTIVE_COMPILATION_CONDITIONS = DEBUG;
				SWIFT_OPTIMIZATION_LEVEL = "-Onone";
			};
			name = Debug;
		};
		E7FA328C2473EB0900DD0B14 /* Release */ = {
			isa = XCBuildConfiguration;
			buildSettings = {
				ALWAYS_SEARCH_USER_PATHS = NO;
				CLANG_ANALYZER_NONNULL = YES;
				CLANG_ANALYZER_NUMBER_OBJECT_CONVERSION = YES_AGGRESSIVE;
				CLANG_CXX_LANGUAGE_STANDARD = "gnu++14";
				CLANG_CXX_LIBRARY = "libc++";
				CLANG_ENABLE_MODULES = YES;
				CLANG_ENABLE_OBJC_ARC = YES;
				CLANG_ENABLE_OBJC_WEAK = YES;
				CLANG_WARN_BLOCK_CAPTURE_AUTORELEASING = YES;
				CLANG_WARN_BOOL_CONVERSION = YES;
				CLANG_WARN_COMMA = YES;
				CLANG_WARN_CONSTANT_CONVERSION = YES;
				CLANG_WARN_DEPRECATED_OBJC_IMPLEMENTATIONS = YES;
				CLANG_WARN_DIRECT_OBJC_ISA_USAGE = YES_ERROR;
				CLANG_WARN_DOCUMENTATION_COMMENTS = YES;
				CLANG_WARN_EMPTY_BODY = YES;
				CLANG_WARN_ENUM_CONVERSION = YES;
				CLANG_WARN_INFINITE_RECURSION = YES;
				CLANG_WARN_INT_CONVERSION = YES;
				CLANG_WARN_NON_LITERAL_NULL_CONVERSION = YES;
				CLANG_WARN_OBJC_IMPLICIT_RETAIN_SELF = YES;
				CLANG_WARN_OBJC_LITERAL_CONVERSION = YES;
				CLANG_WARN_OBJC_ROOT_CLASS = YES_ERROR;
				CLANG_WARN_RANGE_LOOP_ANALYSIS = YES;
				CLANG_WARN_STRICT_PROTOTYPES = YES;
				CLANG_WARN_SUSPICIOUS_MOVE = YES;
				CLANG_WARN_UNGUARDED_AVAILABILITY = YES_AGGRESSIVE;
				CLANG_WARN_UNREACHABLE_CODE = YES;
				CLANG_WARN__DUPLICATE_METHOD_MATCH = YES;
				COPY_PHASE_STRIP = NO;
				DEBUG_INFORMATION_FORMAT = "dwarf-with-dsym";
				ENABLE_NS_ASSERTIONS = NO;
				ENABLE_STRICT_OBJC_MSGSEND = YES;
				GCC_C_LANGUAGE_STANDARD = gnu11;
				GCC_NO_COMMON_BLOCKS = YES;
				GCC_WARN_64_TO_32_BIT_CONVERSION = YES;
				GCC_WARN_ABOUT_RETURN_TYPE = YES_ERROR;
				GCC_WARN_UNDECLARED_SELECTOR = YES;
				GCC_WARN_UNINITIALIZED_AUTOS = YES_AGGRESSIVE;
				GCC_WARN_UNUSED_FUNCTION = YES;
				GCC_WARN_UNUSED_VARIABLE = YES;
				IPHONEOS_DEPLOYMENT_TARGET = 13.4;
				MTL_ENABLE_DEBUG_INFO = NO;
				MTL_FAST_MATH = YES;
				SDKROOT = iphoneos;
				SWIFT_COMPILATION_MODE = wholemodule;
				SWIFT_OPTIMIZATION_LEVEL = "-O";
				VALIDATE_PRODUCT = YES;
			};
			name = Release;
		};
		E7FA328E2473EB0900DD0B14 /* Debug */ = {
			isa = XCBuildConfiguration;
			buildSettings = {
				ASSETCATALOG_COMPILER_APPICON_NAME = AppIcon;
				CODE_SIGN_STYLE = Automatic;
				DEVELOPMENT_ASSET_PATHS = "\"Tree/Preview Content\"";
				DEVELOPMENT_TEAM = 52R2GAN8VS;
				ENABLE_PREVIEWS = YES;
				INFOPLIST_FILE = Tree/Info.plist;
				LD_RUNPATH_SEARCH_PATHS = (
					"$(inherited)",
					"@executable_path/Frameworks",
				);
				PRODUCT_BUNDLE_IDENTIFIER = com.renatus.Tree;
				PRODUCT_NAME = "$(TARGET_NAME)";
				SWIFT_VERSION = 5.0;
				TARGETED_DEVICE_FAMILY = "1,2";
			};
			name = Debug;
		};
		E7FA328F2473EB0900DD0B14 /* Release */ = {
			isa = XCBuildConfiguration;
			buildSettings = {
				ASSETCATALOG_COMPILER_APPICON_NAME = AppIcon;
				CODE_SIGN_STYLE = Automatic;
				DEVELOPMENT_ASSET_PATHS = "\"Tree/Preview Content\"";
				DEVELOPMENT_TEAM = 52R2GAN8VS;
				ENABLE_PREVIEWS = YES;
				INFOPLIST_FILE = Tree/Info.plist;
				LD_RUNPATH_SEARCH_PATHS = (
					"$(inherited)",
					"@executable_path/Frameworks",
				);
				PRODUCT_BUNDLE_IDENTIFIER = com.renatus.Tree;
				PRODUCT_NAME = "$(TARGET_NAME)";
				SWIFT_VERSION = 5.0;
				TARGETED_DEVICE_FAMILY = "1,2";
			};
			name = Release;
		};
/* End XCBuildConfiguration section */

/* Begin XCConfigurationList section */
		E7FA32742473EB0500DD0B14 /* Build configuration list for PBXProject "Tree" */ = {
			isa = XCConfigurationList;
			buildConfigurations = (
				E7FA328B2473EB0900DD0B14 /* Debug */,
				E7FA328C2473EB0900DD0B14 /* Release */,
			);
			defaultConfigurationIsVisible = 0;
			defaultConfigurationName = Release;
		};
		E7FA328D2473EB0900DD0B14 /* Build configuration list for PBXNativeTarget "Tree" */ = {
			isa = XCConfigurationList;
			buildConfigurations = (
				E7FA328E2473EB0900DD0B14 /* Debug */,
				E7FA328F2473EB0900DD0B14 /* Release */,
			);
			defaultConfigurationIsVisible = 0;
			defaultConfigurationName = Release;
		};
/* End XCConfigurationList section */
	};
	rootObject = E7FA32712473EB0500DD0B14 /* Project object */;
}
